
Microsoft Visual Studio Solution File, Format Version 12.00
# Visual Studio 15
VisualStudioVersion = 15.0.28307.1267
MinimumVisualStudioVersion = 10.0.40219.1
Project("{FAE04EC0-301F-11D3-BF4B-00C04F79EFBC}") = "EmailWhiteListEditor", "EmailWhiteListEditor\EmailWhiteListEditor.csproj", "{01543ECB-E55D-4138-9A10-B4956380B568}"
EndProject
Global
	GlobalSection(SolutionConfigurationPlatforms) = preSolution
		Debug|Any CPU = Debug|Any CPU
		Release|Any CPU = Release|Any CPU
	EndGlobalSection
	GlobalSection(ProjectConfigurationPlatforms) = postSolution
		{01543ECB-E55D-4138-9A10-B4956380B568}.Debug|Any CPU.ActiveCfg = Debug|Any CPU
		{01543ECB-E55D-4138-9A10-B4956380B568}.Debug|Any CPU.Build.0 = Debug|Any CPU
		{01543ECB-E55D-4138-9A10-B4956380B568}.Release|Any CPU.ActiveCfg = Release|Any CPU
		{01543ECB-E55D-4138-9A10-B4956380B568}.Release|Any CPU.Build.0 = Release|Any CPU
	EndGlobalSection
	GlobalSection(SolutionProperties) = preSolution
		HideSolutionNode = FALSE
	EndGlobalSection
	GlobalSection(ExtensibilityGlobals) = postSolution
		SolutionGuid = {E0C305D5-B697-4626-9194-174F5270EA2A}
	EndGlobalSection
EndGlobal
